
Microsoft Visual Studio Solution File, Format Version 12.00
# Visual Studio Version 17
VisualStudioVersion = 17.14.36705.20 d17.14
MinimumVisualStudioVersion = 10.0.40219.1
Project("{FAE04EC0-301F-11D3-BF4B-00C04F79EFBC}") = "mapperPizelScan", "mapperPizelScan.csproj", "{8FA10BEC-A61D-447D-9209-F017D580BE20}"
EndProject
Global
	GlobalSection(SolutionConfigurationPlatforms) = preSolution
		Debug|Any CPU = Debug|Any CPU
		Release|Any CPU = Release|Any CPU
	EndGlobalSection
	GlobalSection(ProjectConfigurationPlatforms) = postSolution
		{8FA10BEC-A61D-447D-9209-F017D580BE20}.Debug|Any CPU.ActiveCfg = Debug|Any CPU
		{8FA10BEC-A61D-447D-9209-F017D580BE20}.Debug|Any CPU.Build.0 = Debug|Any CPU
		{8FA10BEC-A61D-447D-9209-F017D580BE20}.Release|Any CPU.ActiveCfg = Release|Any CPU
		{8FA10BEC-A61D-447D-9209-F017D580BE20}.Release|Any CPU.Build.0 = Release|Any CPU
	EndGlobalSection
	GlobalSection(SolutionProperties) = preSolution
		HideSolutionNode = FALSE
	EndGlobalSection
	GlobalSection(ExtensibilityGlobals) = postSolution
		SolutionGuid = {870A6E0A-FAD5-4D0D-8D9D-0B7E7542AB5A}
	EndGlobalSection
EndGlobal
